// !$*UTF8*$!
{
	archiveVersion = 1;
	classes = {
	};
	objectVersion = 60;
	objects = {

/* Begin PBXBuildFile section */
		2FAD9763203C412B000D30F8 /* config.xml in Resources */ = {isa = PBXBuildFile; fileRef = 2FAD9762203C412B000D30F8 /* config.xml */; };
		4D22ABE92AF431CB00220026 /* CapApp-SPM in Frameworks */ = {isa = PBXBuildFile; productRef = 4D22ABE82AF431CB00220026 /* CapApp-SPM */; };
		50379B232058CBB4000EE86E /* capacitor.config.json in Resources */ = {isa = PBXBuildFile; fileRef = 50379B222058CBB4000EE86E /* capacitor.config.json */; };
		504EC3081FED79650016851F /* AppDelegate.swift in Sources */ = {isa = PBXBuildFile; fileRef = 504EC3071FED79650016851F /* AppDelegate.swift */; };
		504EC30D1FED79650016851F /* Main.storyboard in Resources */ = {isa = PBXBuildFile; fileRef = 504EC30B1FED79650016851F /* Main.storyboard */; };
		504EC30F1FED79650016851F /* Assets.xcassets in Resources */ = {isa = PBXBuildFile; fileRef = 504EC30E1FED79650016851F /* Assets.xcassets */; };
		504EC3121FED79650016851F /* LaunchScreen.storyboard in Resources */ = {isa = PBXBuildFile; fileRef = 504EC3101FED79650016851F /* LaunchScreen.storyboard */; };
		50B271D11FEDC1A000F3C39B /* public in Resources */ = {isa = PBXBuildFile; fileRef = 50B271D01FEDC1A000F3C39B /* public */; };
		50F010011FED79650016851F /* FolioleBridgeViewController.swift in Sources */ = {isa = PBXBuildFile; fileRef = 50F010031FED79650016851F /* FolioleBridgeViewController.swift */; };
		50F010021FED79650016851F /* FolioleCompanionBootstrapPlugin.swift in Sources */ = {isa = PBXBuildFile; fileRef = 50F010041FED79650016851F /* FolioleCompanionBootstrapPlugin.swift */; };
		50F020011FED79650016851F /* ZIPFoundation in Frameworks */ = {isa = PBXBuildFile; productRef = 50F020021FED79650016851F /* ZIPFoundation */; };
		50F020041FED79650016851F /* companion-bridge-contract-definitions.json in Resources */ = {isa = PBXBuildFile; fileRef = 50F020061FED79650016851F /* companion-bridge-contract-definitions.json */; };
		50F020051FED79650016851F /* companion-sync-protocol-definitions.json in Resources */ = {isa = PBXBuildFile; fileRef = 50F020071FED79650016851F /* companion-sync-protocol-definitions.json */; };
		50F021111FED79650016851F /* FolioleCompanionContractStore.swift in Sources */ = {isa = PBXBuildFile; fileRef = 50F021011FED79650016851F /* FolioleCompanionContractStore.swift */; };
		50F021121FED79650016851F /* FolioleCompanionZlib.swift in Sources */ = {isa = PBXBuildFile; fileRef = 50F021021FED79650016851F /* FolioleCompanionZlib.swift */; };
		50F021131FED79650016851F /* FolioleCompanionSyncPackEnvelopeValidator.swift in Sources */ = {isa = PBXBuildFile; fileRef = 50F021031FED79650016851F /* FolioleCompanionSyncPackEnvelopeValidator.swift */; };
		50F021141FED79650016851F /* FolioleReadOnlySQLite.swift in Sources */ = {isa = PBXBuildFile; fileRef = 50F021041FED79650016851F /* FolioleReadOnlySQLite.swift */; };
		50F021151FED79650016851F /* FolioleCompanionSyncPackDatabaseValidator.swift in Sources */ = {isa = PBXBuildFile; fileRef = 50F021051FED79650016851F /* FolioleCompanionSyncPackDatabaseValidator.swift */; };
		50F021161FED79650016851F /* FolioleCompanionSyncPackTransfer.swift in Sources */ = {isa = PBXBuildFile; fileRef = 50F021061FED79650016851F /* FolioleCompanionSyncPackTransfer.swift */; };
		50F021171FED79650016851F /* FolioleCompanionSyncPackTransferPlugin.swift in Sources */ = {isa = PBXBuildFile; fileRef = 50F021071FED79650016851F /* FolioleCompanionSyncPackTransferPlugin.swift */; };
		50F022131FED79650016851F /* FolioleCompanionDesktopHttpClient.swift in Sources */ = {isa = PBXBuildFile; fileRef = 50F022031FED79650016851F /* FolioleCompanionDesktopHttpClient.swift */; };
		50F022141FED79650016851F /* FolioleCompanionBonjourDiscovery.swift in Sources */ = {isa = PBXBuildFile; fileRef = 50F022041FED79650016851F /* FolioleCompanionBonjourDiscovery.swift */; };
		50F0221A1FED79650016851F /* FolioleCompanionBonjourEndpoint.swift in Sources */ = {isa = PBXBuildFile; fileRef = 50F0220A1FED79650016851F /* FolioleCompanionBonjourEndpoint.swift */; };
		50F022151FED79650016851F /* FolioleCompanionSyncPlugin.swift in Sources */ = {isa = PBXBuildFile; fileRef = 50F022051FED79650016851F /* FolioleCompanionSyncPlugin.swift */; };
		50F022161FED79650016851F /* FolioleCompanionSyncParticipation.swift in Sources */ = {isa = PBXBuildFile; fileRef = 50F022061FED79650016851F /* FolioleCompanionSyncParticipation.swift */; };
		50F022191FED79650016851F /* FolioleCompanionSyncTrigger.swift in Sources */ = {isa = PBXBuildFile; fileRef = 50F022091FED79650016851F /* FolioleCompanionSyncTrigger.swift */; };
		50F022181FED79650016851F /* FolioleCompanionDeviceAnchorStore.swift in Sources */ = {isa = PBXBuildFile; fileRef = 50F022081FED79650016851F /* FolioleCompanionDeviceAnchorStore.swift */; };
		50F023111FED79650016851F /* FolioleCompanionAttachmentResourceDownload.swift in Sources */ = {isa = PBXBuildFile; fileRef = 50F023011FED79650016851F /* FolioleCompanionAttachmentResourceDownload.swift */; };
		50F023131FED79650016851F /* FolioleCompanionAttachmentSyncPlugin.swift in Sources */ = {isa = PBXBuildFile; fileRef = 50F023031FED79650016851F /* FolioleCompanionAttachmentSyncPlugin.swift */; };
		F20300131FED79650016851F /* FolioleRemoteImageFiles.swift in Sources */ = {isa = PBXBuildFile; fileRef = F20300031FED79650016851F /* FolioleRemoteImageFiles.swift */; };
		F20300431FED79650016851F /* FolioleAttachmentMaintenanceFiles.swift in Sources */ = {isa = PBXBuildFile; fileRef = F20300331FED79650016851F /* FolioleAttachmentMaintenanceFiles.swift */; };
		50F023141FED79650016851F /* FolioleCompanionContentBlobPack.swift in Sources */ = {isa = PBXBuildFile; fileRef = 50F023041FED79650016851F /* FolioleCompanionContentBlobPack.swift */; };
		50F023151FED79650016851F /* FolioleCompanionAttachmentFileStage.swift in Sources */ = {isa = PBXBuildFile; fileRef = 50F023051FED79650016851F /* FolioleCompanionAttachmentFileStage.swift */; };
		50F023161FED79650016851F /* FolioleCompanionCanonicalAttachmentKey.swift in Sources */ = {isa = PBXBuildFile; fileRef = 50F023061FED79650016851F /* FolioleCompanionCanonicalAttachmentKey.swift */; };
		50F025141FED79650016851F /* companion-query-definitions.json in Resources */ = {isa = PBXBuildFile; fileRef = 50F025041FED79650016851F /* companion-query-definitions.json */; };
		50F027111FED79650016851F /* FolioleCompanionQueryDefinitions.swift in Sources */ = {isa = PBXBuildFile; fileRef = 50F027011FED79650016851F /* FolioleCompanionQueryDefinitions.swift */; };
		50F029131FED79650016851F /* companion-mutation-definitions.json in Resources */ = {isa = PBXBuildFile; fileRef = 50F029031FED79650016851F /* companion-mutation-definitions.json */; };
		50F030111FED79650016851F /* FolioleCompanionSyncGroupJoinCrypto.swift in Sources */ = {isa = PBXBuildFile; fileRef = 50F030011FED79650016851F /* FolioleCompanionSyncGroupJoinCrypto.swift */; };
		50F030121FED79650016851F /* FolioleCompanionSyncGroupJoinRequest.swift in Sources */ = {isa = PBXBuildFile; fileRef = 50F030021FED79650016851F /* FolioleCompanionSyncGroupJoinRequest.swift */; };
		50F030131FED79650016851F /* FolioleCompanionSyncGroupJoinProvider.swift in Sources */ = {isa = PBXBuildFile; fileRef = 50F030031FED79650016851F /* FolioleCompanionSyncGroupJoinProvider.swift */; };
		50F031111FED79650016851F /* FolioleCompanionSyncGroupDataBridge.swift in Sources */ = {isa = PBXBuildFile; fileRef = 50F031011FED79650016851F /* FolioleCompanionSyncGroupDataBridge.swift */; };
		50F032111FED79650016851F /* FolioleCompanionSyncGroupSigning.swift in Sources */ = {isa = PBXBuildFile; fileRef = 50F032011FED79650016851F /* FolioleCompanionSyncGroupSigning.swift */; };
		50F033111FED79650016851F /* FolioleCompanionHttpMessage.swift in Sources */ = {isa = PBXBuildFile; fileRef = 50F033011FED79650016851F /* FolioleCompanionHttpMessage.swift */; };
		50F034111FED79650016851F /* FolioleCompanionSyncGroupJoinServer.swift in Sources */ = {isa = PBXBuildFile; fileRef = 50F034011FED79650016851F /* FolioleCompanionSyncGroupJoinServer.swift */; };
		50F195111FED79650016851F /* FolioleCompanionSyncGroupMemberStateEndpoint.swift in Sources */ = {isa = PBXBuildFile; fileRef = 50F195011FED79650016851F /* FolioleCompanionSyncGroupMemberStateEndpoint.swift */; };
		50F195311FED79650016851F /* FolioleCompanionSyncGroupDiscoveryPayload.swift in Sources */ = {isa = PBXBuildFile; fileRef = 50F195211FED79650016851F /* FolioleCompanionSyncGroupDiscoveryPayload.swift */; };
		50F035111FED79650016851F /* FolioleCompanionSyncGroupProviderPlugin.swift in Sources */ = {isa = PBXBuildFile; fileRef = 50F035011FED79650016851F /* FolioleCompanionSyncGroupProviderPlugin.swift */; };
		50F036111FED79650016851F /* FolioleCompanionSyncGroupWorkgroup.swift in Sources */ = {isa = PBXBuildFile; fileRef = 50F036011FED79650016851F /* FolioleCompanionSyncGroupWorkgroup.swift */; };
		50F037111FED79650016851F /* FolioleCompanionSyncGroupSnapshot.swift in Sources */ = {isa = PBXBuildFile; fileRef = 50F037011FED79650016851F /* FolioleCompanionSyncGroupSnapshot.swift */; };
		50F038111FED79650016851F /* FolioleCompanionSyncGroupResources.swift in Sources */ = {isa = PBXBuildFile; fileRef = 50F038011FED79650016851F /* FolioleCompanionSyncGroupResources.swift */; };
		50F039111FED79650016851F /* FolioleCompanionSyncPackProviderDefinitions.swift in Sources */ = {isa = PBXBuildFile; fileRef = 50F039011FED79650016851F /* FolioleCompanionSyncPackProviderDefinitions.swift */; };
		50F040111FED79650016851F /* FolioleCompanionSyncPackArchive.swift in Sources */ = {isa = PBXBuildFile; fileRef = 50F040011FED79650016851F /* FolioleCompanionSyncPackArchive.swift */; };
		50F041111FED79650016851F /* FolioleCompanionSyncPackSQLite.swift in Sources */ = {isa = PBXBuildFile; fileRef = 50F041011FED79650016851F /* FolioleCompanionSyncPackSQLite.swift */; };
		50F042111FED79650016851F /* FolioleCompanionSyncPackPayloadWriter.swift in Sources */ = {isa = PBXBuildFile; fileRef = 50F042011FED79650016851F /* FolioleCompanionSyncPackPayloadWriter.swift */; };
		50F043111FED79650016851F /* FolioleCompanionSyncPackProvider.swift in Sources */ = {isa = PBXBuildFile; fileRef = 50F043011FED79650016851F /* FolioleCompanionSyncPackProvider.swift */; };
		50F044111FED79650016851F /* companion-sync-pack-provider-definitions.json in Resources */ = {isa = PBXBuildFile; fileRef = 50F044011FED79650016851F /* companion-sync-pack-provider-definitions.json */; };
		50F045111FED79650016851F /* FolioleCompanionWorkgroupClient.swift in Sources */ = {isa = PBXBuildFile; fileRef = 50F045011FED79650016851F /* FolioleCompanionWorkgroupClient.swift */; };
		50F046111FED79650016851F /* FolioleCompanionSyncGroupAdvertisement.swift in Sources */ = {isa = PBXBuildFile; fileRef = 50F046011FED79650016851F /* FolioleCompanionSyncGroupAdvertisement.swift */; };
		50F060111FED79650016851F /* PrivacyInfo.xcprivacy in Resources */ = {isa = PBXBuildFile; fileRef = 50F060011FED79650016851F /* PrivacyInfo.xcprivacy */; };
		50F100011FED79650016851F /* FoliolePhysicalSyncGroupUITests.swift in Sources */ = {isa = PBXBuildFile; fileRef = 50F100021FED79650016851F /* FoliolePhysicalSyncGroupUITests.swift */; };
		50F100111FED79650016851F /* FoliolePhysicalSyncGroupUITestSupport.swift in Sources */ = {isa = PBXBuildFile; fileRef = 50F100121FED79650016851F /* FoliolePhysicalSyncGroupUITestSupport.swift */; };
		50F200111FED79650016851F /* FoliolePhysicalBodyPersistenceUITestSupport.swift in Sources */ = {isa = PBXBuildFile; fileRef = 50F200121FED79650016851F /* FoliolePhysicalBodyPersistenceUITestSupport.swift */; };
		50F100311FED79650016851F /* FoliolePhysicalSyncGroupMutationUITestSupport.swift in Sources */ = {isa = PBXBuildFile; fileRef = 50F100321FED79650016851F /* FoliolePhysicalSyncGroupMutationUITestSupport.swift */; };
		50F100411FED79650016851F /* FoliolePhysicalPermissionUITests.swift in Sources */ = {isa = PBXBuildFile; fileRef = 50F100421FED79650016851F /* FoliolePhysicalPermissionUITests.swift */; };
		50F220111FED79650016851F /* FoliolePhysicalOfflineJourneyUITests.swift in Sources */ = {isa = PBXBuildFile; fileRef = 50F220121FED79650016851F /* FoliolePhysicalOfflineJourneyUITests.swift */; };
		50F100211FED79650016851F /* FoliolePhysicalDevWorkflowUITests.swift in Sources */ = {isa = PBXBuildFile; fileRef = 50F100221FED79650016851F /* FoliolePhysicalDevWorkflowUITests.swift */; };
		50F203011FED79650016851F /* FoliolePhysicalArticleImageUITests.swift in Sources */ = {isa = PBXBuildFile; fileRef = 50F203021FED79650016851F /* FoliolePhysicalArticleImageUITests.swift */; };
		50F204011FED79650016851F /* FoliolePhysicalT111LinkUITests.swift in Sources */ = {isa = PBXBuildFile; fileRef = 50F204021FED79650016851F /* FoliolePhysicalT111LinkUITests.swift */; };
		50F110011FED79650016851F /* FolioleAcceptanceSyncEventProjectionTests.swift in Sources */ = {isa = PBXBuildFile; fileRef = 50F110021FED79650016851F /* FolioleAcceptanceSyncEventProjectionTests.swift */; };
		50F203111FED79650016851F /* FolioleArticleImageProjectionTests.swift in Sources */ = {isa = PBXBuildFile; fileRef = 50F203121FED79650016851F /* FolioleArticleImageProjectionTests.swift */; };
		50F110111FED79650016851F /* FolioleAcceptanceGroupDiscoveryTests.swift in Sources */ = {isa = PBXBuildFile; fileRef = 50F110121FED79650016851F /* FolioleAcceptanceGroupDiscoveryTests.swift */; };
		203B00000000000000000001 /* FolioleCompanionResourceAvailability.swift in Sources */ = {isa = PBXBuildFile; fileRef = 203A00000000000000000001 /* FolioleCompanionResourceAvailability.swift */; };
		203B00000000000000000002 /* FolioleCompanionResourceTransferValidation.swift in Sources */ = {isa = PBXBuildFile; fileRef = 203A00000000000000000002 /* FolioleCompanionResourceTransferValidation.swift */; };
		203B00000000000000000003 /* FolioleCompanionSyncGroupRequestRoutes.swift in Sources */ = {isa = PBXBuildFile; fileRef = 203A00000000000000000003 /* FolioleCompanionSyncGroupRequestRoutes.swift */; };
		221B00000000000000000001 /* ShareViewController.swift in Sources */ = {isa = PBXBuildFile; fileRef = 221A00000000000000000001 /* ShareViewController.swift */; };
		221B00000000000000000002 /* FolioleShareInboxQueue.swift in Share Sources */ = {isa = PBXBuildFile; fileRef = 221A00000000000000000002 /* FolioleShareInboxQueue.swift */; };
		221B00000000000000000003 /* FolioleShareInboxQueue.swift in App Sources */ = {isa = PBXBuildFile; fileRef = 221A00000000000000000002 /* FolioleShareInboxQueue.swift */; };
		221B00000000000000000004 /* FolioleCompanionShareInboxPlugin.swift in Sources */ = {isa = PBXBuildFile; fileRef = 221A00000000000000000003 /* FolioleCompanionShareInboxPlugin.swift */; };
		221B00000000000000000005 /* FolioleShareExtension.appex in Embed App Extensions */ = {isa = PBXBuildFile; fileRef = 221A00000000000000000005 /* FolioleShareExtension.appex */; settings = {ATTRIBUTES = (RemoveHeadersOnCopy, ); }; };
/* End PBXBuildFile section */

/* Begin PBXContainerItemProxy section */
		50F100091FED79650016851F /* PBXContainerItemProxy */ = {
			isa = PBXContainerItemProxy;
			containerPortal = 504EC2FC1FED79650016851F /* Project object */;
			proxyType = 1;
			remoteGlobalIDString = 504EC3031FED79650016851F;
			remoteInfo = App;
		};
		50F110091FED79650016851F /* PBXContainerItemProxy */ = {
			isa = PBXContainerItemProxy;
			containerPortal = 504EC2FC1FED79650016851F /* Project object */;
			proxyType = 1;
			remoteGlobalIDString = 504EC3031FED79650016851F;
			remoteInfo = App;
		};
		221C00000000000000000001 /* PBXContainerItemProxy */ = {
			isa = PBXContainerItemProxy;
			containerPortal = 504EC2FC1FED79650016851F /* Project object */;
			proxyType = 1;
			remoteGlobalIDString = 221T00000000000000000001;
			remoteInfo = FolioleShareExtension;
		};
/* End PBXContainerItemProxy section */

/* Begin PBXCopyFilesBuildPhase section */
		221P00000000000000000004 /* Embed App Extensions */ = {
			isa = PBXCopyFilesBuildPhase;
			buildActionMask = 2147483647;
			dstPath = "";
			dstSubfolderSpec = 13;
			files = (
				221B00000000000000000005 /* FolioleShareExtension.appex in Embed App Extensions */,
			);
			name = "Embed App Extensions";
			runOnlyForDeploymentPostprocessing = 0;
		};
/* End PBXCopyFilesBuildPhase section */

/* Begin PBXFileReference section */
		2FAD9762203C412B000D30F8 /* config.xml */ = {isa = PBXFileReference; lastKnownFileType = text.xml; path = config.xml; sourceTree = "<group>"; };
		50379B222058CBB4000EE86E /* capacitor.config.json */ = {isa = PBXFileReference; fileEncoding = 4; lastKnownFileType = text.json; path = capacitor.config.json; sourceTree = "<group>"; };
		504EC3041FED79650016851F /* App.app */ = {isa = PBXFileReference; explicitFileType = wrapper.application; includeInIndex = 0; path = App.app; sourceTree = BUILT_PRODUCTS_DIR; };
		504EC3071FED79650016851F /* AppDelegate.swift */ = {isa = PBXFileReference; lastKnownFileType = sourcecode.swift; path = AppDelegate.swift; sourceTree = "<group>"; };
		504EC30C1FED79650016851F /* Base */ = {isa = PBXFileReference; lastKnownFileType = file.storyboard; name = Base; path = Base.lproj/Main.storyboard; sourceTree = "<group>"; };
		504EC30E1FED79650016851F /* Assets.xcassets */ = {isa = PBXFileReference; lastKnownFileType = folder.assetcatalog; path = Assets.xcassets; sourceTree = "<group>"; };
		504EC3111FED79650016851F /* Base */ = {isa = PBXFileReference; lastKnownFileType = file.storyboard; name = Base; path = Base.lproj/LaunchScreen.storyboard; sourceTree = "<group>"; };
		504EC3131FED79650016851F /* Info.plist */ = {isa = PBXFileReference; lastKnownFileType = text.plist.xml; path = Info.plist; sourceTree = "<group>"; };
		50B271D01FEDC1A000F3C39B /* public */ = {isa = PBXFileReference; lastKnownFileType = folder; path = public; sourceTree = "<group>"; };
		50F010031FED79650016851F /* FolioleBridgeViewController.swift */ = {isa = PBXFileReference; lastKnownFileType = sourcecode.swift; path = FolioleBridgeViewController.swift; sourceTree = "<group>"; };
		50F010041FED79650016851F /* FolioleCompanionBootstrapPlugin.swift */ = {isa = PBXFileReference; lastKnownFileType = sourcecode.swift; path = FolioleCompanionBootstrapPlugin.swift; sourceTree = "<group>"; };
		50F020061FED79650016851F /* companion-bridge-contract-definitions.json */ = {isa = PBXFileReference; lastKnownFileType = text.json; path = "companion-bridge-contract-definitions.json"; sourceTree = "<group>"; };
		50F020071FED79650016851F /* companion-sync-protocol-definitions.json */ = {isa = PBXFileReference; lastKnownFileType = text.json; path = "companion-sync-protocol-definitions.json"; sourceTree = "<group>"; };
		50F021011FED79650016851F /* FolioleCompanionContractStore.swift */ = {isa = PBXFileReference; lastKnownFileType = sourcecode.swift; path = FolioleCompanionContractStore.swift; sourceTree = "<group>"; };
		50F021021FED79650016851F /* FolioleCompanionZlib.swift */ = {isa = PBXFileReference; lastKnownFileType = sourcecode.swift; path = FolioleCompanionZlib.swift; sourceTree = "<group>"; };
		50F021031FED79650016851F /* FolioleCompanionSyncPackEnvelopeValidator.swift */ = {isa = PBXFileReference; lastKnownFileType = sourcecode.swift; path = FolioleCompanionSyncPackEnvelopeValidator.swift; sourceTree = "<group>"; };
		50F021041FED79650016851F /* FolioleReadOnlySQLite.swift */ = {isa = PBXFileReference; lastKnownFileType = sourcecode.swift; path = FolioleReadOnlySQLite.swift; sourceTree = "<group>"; };
		50F021051FED79650016851F /* FolioleCompanionSyncPackDatabaseValidator.swift */ = {isa = PBXFileReference; lastKnownFileType = sourcecode.swift; path = FolioleCompanionSyncPackDatabaseValidator.swift; sourceTree = "<group>"; };
		50F021061FED79650016851F /* FolioleCompanionSyncPackTransfer.swift */ = {isa = PBXFileReference; lastKnownFileType = sourcecode.swift; path = FolioleCompanionSyncPackTransfer.swift; sourceTree = "<group>"; };
		50F021071FED79650016851F /* FolioleCompanionSyncPackTransferPlugin.swift */ = {isa = PBXFileReference; lastKnownFileType = sourcecode.swift; path = FolioleCompanionSyncPackTransferPlugin.swift; sourceTree = "<group>"; };
		50F022031FED79650016851F /* FolioleCompanionDesktopHttpClient.swift */ = {isa = PBXFileReference; lastKnownFileType = sourcecode.swift; path = FolioleCompanionDesktopHttpClient.swift; sourceTree = "<group>"; };
		50F022041FED79650016851F /* FolioleCompanionBonjourDiscovery.swift */ = {isa = PBXFileReference; lastKnownFileType = sourcecode.swift; path = FolioleCompanionBonjourDiscovery.swift; sourceTree = "<group>"; };
		50F0220A1FED79650016851F /* FolioleCompanionBonjourEndpoint.swift */ = {isa = PBXFileReference; lastKnownFileType = sourcecode.swift; path = FolioleCompanionBonjourEndpoint.swift; sourceTree = "<group>"; };
		50F022051FED79650016851F /* FolioleCompanionSyncPlugin.swift */ = {isa = PBXFileReference; lastKnownFileType = sourcecode.swift; path = FolioleCompanionSyncPlugin.swift; sourceTree = "<group>"; };
		50F022061FED79650016851F /* FolioleCompanionSyncParticipation.swift */ = {isa = PBXFileReference; lastKnownFileType = sourcecode.swift; path = FolioleCompanionSyncParticipation.swift; sourceTree = "<group>"; };
		50F022091FED79650016851F /* FolioleCompanionSyncTrigger.swift */ = {isa = PBXFileReference; lastKnownFileType = sourcecode.swift; path = FolioleCompanionSyncTrigger.swift; sourceTree = "<group>"; };
		50F022081FED79650016851F /* FolioleCompanionDeviceAnchorStore.swift */ = {isa = PBXFileReference; lastKnownFileType = sourcecode.swift; path = FolioleCompanionDeviceAnchorStore.swift; sourceTree = "<group>"; };
		50F023011FED79650016851F /* FolioleCompanionAttachmentResourceDownload.swift */ = {isa = PBXFileReference; lastKnownFileType = sourcecode.swift; path = FolioleCompanionAttachmentResourceDownload.swift; sourceTree = "<group>"; };
		50F023031FED79650016851F /* FolioleCompanionAttachmentSyncPlugin.swift */ = {isa = PBXFileReference; lastKnownFileType = sourcecode.swift; path = FolioleCompanionAttachmentSyncPlugin.swift; sourceTree = "<group>"; };
		F20300031FED79650016851F /* FolioleRemoteImageFiles.swift */ = {isa = PBXFileReference; lastKnownFileType = sourcecode.swift; path = FolioleRemoteImageFiles.swift; sourceTree = "<group>"; };
		F20300331FED79650016851F /* FolioleAttachmentMaintenanceFiles.swift */ = {isa = PBXFileReference; lastKnownFileType = sourcecode.swift; path = FolioleAttachmentMaintenanceFiles.swift; sourceTree = "<group>"; };
		50F023041FED79650016851F /* FolioleCompanionContentBlobPack.swift */ = {isa = PBXFileReference; lastKnownFileType = sourcecode.swift; path = FolioleCompanionContentBlobPack.swift; sourceTree = "<group>"; };
		50F023051FED79650016851F /* FolioleCompanionAttachmentFileStage.swift */ = {isa = PBXFileReference; lastKnownFileType = sourcecode.swift; path = FolioleCompanionAttachmentFileStage.swift; sourceTree = "<group>"; };
		50F023061FED79650016851F /* FolioleCompanionCanonicalAttachmentKey.swift */ = {isa = PBXFileReference; lastKnownFileType = sourcecode.swift; path = FolioleCompanionCanonicalAttachmentKey.swift; sourceTree = "<group>"; };
		50F025041FED79650016851F /* companion-query-definitions.json */ = {isa = PBXFileReference; lastKnownFileType = text.json; path = "companion-query-definitions.json"; sourceTree = "<group>"; };
		50F027011FED79650016851F /* FolioleCompanionQueryDefinitions.swift */ = {isa = PBXFileReference; lastKnownFileType = sourcecode.swift; path = FolioleCompanionQueryDefinitions.swift; sourceTree = "<group>"; };
		50F029031FED79650016851F /* companion-mutation-definitions.json */ = {isa = PBXFileReference; lastKnownFileType = text.json; path = "companion-mutation-definitions.json"; sourceTree = "<group>"; };
		50F030011FED79650016851F /* FolioleCompanionSyncGroupJoinCrypto.swift */ = {isa = PBXFileReference; lastKnownFileType = sourcecode.swift; path = FolioleCompanionSyncGroupJoinCrypto.swift; sourceTree = "<group>"; };
		50F030021FED79650016851F /* FolioleCompanionSyncGroupJoinRequest.swift */ = {isa = PBXFileReference; lastKnownFileType = sourcecode.swift; path = FolioleCompanionSyncGroupJoinRequest.swift; sourceTree = "<group>"; };
		50F030031FED79650016851F /* FolioleCompanionSyncGroupJoinProvider.swift */ = {isa = PBXFileReference; lastKnownFileType = sourcecode.swift; path = FolioleCompanionSyncGroupJoinProvider.swift; sourceTree = "<group>"; };
		50F031011FED79650016851F /* FolioleCompanionSyncGroupDataBridge.swift */ = {isa = PBXFileReference; lastKnownFileType = sourcecode.swift; path = FolioleCompanionSyncGroupDataBridge.swift; sourceTree = "<group>"; };
		50F032011FED79650016851F /* FolioleCompanionSyncGroupSigning.swift */ = {isa = PBXFileReference; lastKnownFileType = sourcecode.swift; path = FolioleCompanionSyncGroupSigning.swift; sourceTree = "<group>"; };
		50F033011FED79650016851F /* FolioleCompanionHttpMessage.swift */ = {isa = PBXFileReference; lastKnownFileType = sourcecode.swift; path = FolioleCompanionHttpMessage.swift; sourceTree = "<group>"; };
		50F034011FED79650016851F /* FolioleCompanionSyncGroupJoinServer.swift */ = {isa = PBXFileReference; lastKnownFileType = sourcecode.swift; path = FolioleCompanionSyncGroupJoinServer.swift; sourceTree = "<group>"; };
		50F195011FED79650016851F /* FolioleCompanionSyncGroupMemberStateEndpoint.swift */ = {isa = PBXFileReference; lastKnownFileType = sourcecode.swift; path = FolioleCompanionSyncGroupMemberStateEndpoint.swift; sourceTree = "<group>"; };
		50F195211FED79650016851F /* FolioleCompanionSyncGroupDiscoveryPayload.swift */ = {isa = PBXFileReference; lastKnownFileType = sourcecode.swift; path = FolioleCompanionSyncGroupDiscoveryPayload.swift; sourceTree = "<group>"; };
		50F035011FED79650016851F /* FolioleCompanionSyncGroupProviderPlugin.swift */ = {isa = PBXFileReference; lastKnownFileType = sourcecode.swift; path = FolioleCompanionSyncGroupProviderPlugin.swift; sourceTree = "<group>"; };
		50F036011FED79650016851F /* FolioleCompanionSyncGroupWorkgroup.swift */ = {isa = PBXFileReference; lastKnownFileType = sourcecode.swift; path = FolioleCompanionSyncGroupWorkgroup.swift; sourceTree = "<group>"; };
		50F037011FED79650016851F /* FolioleCompanionSyncGroupSnapshot.swift */ = {isa = PBXFileReference; lastKnownFileType = sourcecode.swift; path = FolioleCompanionSyncGroupSnapshot.swift; sourceTree = "<group>"; };
		50F038011FED79650016851F /* FolioleCompanionSyncGroupResources.swift */ = {isa = PBXFileReference; lastKnownFileType = sourcecode.swift; path = FolioleCompanionSyncGroupResources.swift; sourceTree = "<group>"; };
		50F039011FED79650016851F /* FolioleCompanionSyncPackProviderDefinitions.swift */ = {isa = PBXFileReference; lastKnownFileType = sourcecode.swift; path = FolioleCompanionSyncPackProviderDefinitions.swift; sourceTree = "<group>"; };
		50F040011FED79650016851F /* FolioleCompanionSyncPackArchive.swift */ = {isa = PBXFileReference; lastKnownFileType = sourcecode.swift; path = FolioleCompanionSyncPackArchive.swift; sourceTree = "<group>"; };
		50F041011FED79650016851F /* FolioleCompanionSyncPackSQLite.swift */ = {isa = PBXFileReference; lastKnownFileType = sourcecode.swift; path = FolioleCompanionSyncPackSQLite.swift; sourceTree = "<group>"; };
		50F042011FED79650016851F /* FolioleCompanionSyncPackPayloadWriter.swift */ = {isa = PBXFileReference; lastKnownFileType = sourcecode.swift; path = FolioleCompanionSyncPackPayloadWriter.swift; sourceTree = "<group>"; };
		50F043011FED79650016851F /* FolioleCompanionSyncPackProvider.swift */ = {isa = PBXFileReference; lastKnownFileType = sourcecode.swift; path = FolioleCompanionSyncPackProvider.swift; sourceTree = "<group>"; };
		50F044011FED79650016851F /* companion-sync-pack-provider-definitions.json */ = {isa = PBXFileReference; lastKnownFileType = text.json; path = "companion-sync-pack-provider-definitions.json"; sourceTree = "<group>"; };
		50F045011FED79650016851F /* FolioleCompanionWorkgroupClient.swift */ = {isa = PBXFileReference; lastKnownFileType = sourcecode.swift; path = FolioleCompanionWorkgroupClient.swift; sourceTree = "<group>"; };
		50F046011FED79650016851F /* FolioleCompanionSyncGroupAdvertisement.swift */ = {isa = PBXFileReference; lastKnownFileType = sourcecode.swift; path = FolioleCompanionSyncGroupAdvertisement.swift; sourceTree = "<group>"; };
		50F060011FED79650016851F /* PrivacyInfo.xcprivacy */ = {isa = PBXFileReference; lastKnownFileType = text.xml; path = PrivacyInfo.xcprivacy; sourceTree = "<group>"; };
		50F100021FED79650016851F /* FoliolePhysicalSyncGroupUITests.swift */ = {isa = PBXFileReference; lastKnownFileType = sourcecode.swift; path = FoliolePhysicalSyncGroupUITests.swift; sourceTree = "<group>"; };
		50F100121FED79650016851F /* FoliolePhysicalSyncGroupUITestSupport.swift */ = {isa = PBXFileReference; lastKnownFileType = sourcecode.swift; path = FoliolePhysicalSyncGroupUITestSupport.swift; sourceTree = "<group>"; };
		50F200121FED79650016851F /* FoliolePhysicalBodyPersistenceUITestSupport.swift */ = {isa = PBXFileReference; lastKnownFileType = sourcecode.swift; path = FoliolePhysicalBodyPersistenceUITestSupport.swift; sourceTree = "<group>"; };
		50F100321FED79650016851F /* FoliolePhysicalSyncGroupMutationUITestSupport.swift */ = {isa = PBXFileReference; lastKnownFileType = sourcecode.swift; path = FoliolePhysicalSyncGroupMutationUITestSupport.swift; sourceTree = "<group>"; };
		50F100421FED79650016851F /* FoliolePhysicalPermissionUITests.swift */ = {isa = PBXFileReference; lastKnownFileType = sourcecode.swift; path = FoliolePhysicalPermissionUITests.swift; sourceTree = "<group>"; };
		50F220121FED79650016851F /* FoliolePhysicalOfflineJourneyUITests.swift */ = {isa = PBXFileReference; lastKnownFileType = sourcecode.swift; path = FoliolePhysicalOfflineJourneyUITests.swift; sourceTree = "<group>"; };
		50F100221FED79650016851F /* FoliolePhysicalDevWorkflowUITests.swift */ = {isa = PBXFileReference; lastKnownFileType = sourcecode.swift; path = FoliolePhysicalDevWorkflowUITests.swift; sourceTree = "<group>"; };
		50F203021FED79650016851F /* FoliolePhysicalArticleImageUITests.swift */ = {isa = PBXFileReference; lastKnownFileType = sourcecode.swift; path = FoliolePhysicalArticleImageUITests.swift; sourceTree = "<group>"; };
		50F204021FED79650016851F /* FoliolePhysicalT111LinkUITests.swift */ = {isa = PBXFileReference; lastKnownFileType = sourcecode.swift; path = FoliolePhysicalT111LinkUITests.swift; sourceTree = "<group>"; };
		50F100031FED79650016851F /* AppPhysicalUITests.xctest */ = {isa = PBXFileReference; explicitFileType = wrapper.cfbundle; includeInIndex = 0; path = AppPhysicalUITests.xctest; sourceTree = BUILT_PRODUCTS_DIR; };
		50F110021FED79650016851F /* FolioleAcceptanceSyncEventProjectionTests.swift */ = {isa = PBXFileReference; lastKnownFileType = sourcecode.swift; path = FolioleAcceptanceSyncEventProjectionTests.swift; sourceTree = "<group>"; };
		50F203121FED79650016851F /* FolioleArticleImageProjectionTests.swift */ = {isa = PBXFileReference; lastKnownFileType = sourcecode.swift; path = FolioleArticleImageProjectionTests.swift; sourceTree = "<group>"; };
		50F110121FED79650016851F /* FolioleAcceptanceGroupDiscoveryTests.swift */ = {isa = PBXFileReference; lastKnownFileType = sourcecode.swift; path = FolioleAcceptanceGroupDiscoveryTests.swift; sourceTree = "<group>"; };
		50F110031FED79650016851F /* AppAcceptanceProjectionTests.xctest */ = {isa = PBXFileReference; explicitFileType = wrapper.cfbundle; includeInIndex = 0; path = AppAcceptanceProjectionTests.xctest; sourceTree = BUILT_PRODUCTS_DIR; };
		958DCC722DB07C7200EA8C5F /* debug.xcconfig */ = {isa = PBXFileReference; lastKnownFileType = text.xcconfig; name = debug.xcconfig; path = ../debug.xcconfig; sourceTree = SOURCE_ROOT; };
		203A00000000000000000001 /* FolioleCompanionResourceAvailability.swift */ = {isa = PBXFileReference; lastKnownFileType = sourcecode.swift; path = FolioleCompanionResourceAvailability.swift; sourceTree = "<group>"; };
		203A00000000000000000002 /* FolioleCompanionResourceTransferValidation.swift */ = {isa = PBXFileReference; lastKnownFileType = sourcecode.swift; path = FolioleCompanionResourceTransferValidation.swift; sourceTree = "<group>"; };
		203A00000000000000000003 /* FolioleCompanionSyncGroupRequestRoutes.swift */ = {isa = PBXFileReference; lastKnownFileType = sourcecode.swift; path = FolioleCompanionSyncGroupRequestRoutes.swift; sourceTree = "<group>"; };
		221A00000000000000000001 /* ShareViewController.swift */ = {isa = PBXFileReference; lastKnownFileType = sourcecode.swift; path = ShareViewController.swift; sourceTree = "<group>"; };
		221A00000000000000000002 /* FolioleShareInboxQueue.swift */ = {isa = PBXFileReference; lastKnownFileType = sourcecode.swift; path = FolioleShareInboxQueue.swift; sourceTree = "<group>"; };
		221A00000000000000000003 /* FolioleCompanionShareInboxPlugin.swift */ = {isa = PBXFileReference; lastKnownFileType = sourcecode.swift; path = FolioleCompanionShareInboxPlugin.swift; sourceTree = "<group>"; };
		221A00000000000000000004 /* ShareExtension Info.plist */ = {isa = PBXFileReference; lastKnownFileType = text.plist.xml; path = Info.plist; sourceTree = "<group>"; };
		221A00000000000000000005 /* FolioleShareExtension.appex */ = {isa = PBXFileReference; explicitFileType = "wrapper.app-extension"; includeInIndex = 0; path = FolioleShareExtension.appex; sourceTree = BUILT_PRODUCTS_DIR; };
		221A00000000000000000006 /* App.entitlements */ = {isa = PBXFileReference; lastKnownFileType = text.plist.entitlements; path = App.entitlements; sourceTree = "<group>"; };
		221A00000000000000000007 /* ShareExtension.entitlements */ = {isa = PBXFileReference; lastKnownFileType = text.plist.entitlements; path = ShareExtension.entitlements; sourceTree = "<group>"; };
/* End PBXFileReference section */

/* Begin PBXFrameworksBuildPhase section */
		504EC3011FED79650016851F /* Frameworks */ = {
			isa = PBXFrameworksBuildPhase;
			buildActionMask = 2147483647;
			files = (
				4D22ABE92AF431CB00220026 /* CapApp-SPM in Frameworks */,
				50F020011FED79650016851F /* ZIPFoundation in Frameworks */,
			);
			runOnlyForDeploymentPostprocessing = 0;
		};
		50F100041FED79650016851F /* Frameworks */ = {
			isa = PBXFrameworksBuildPhase;
			buildActionMask = 2147483647;
			files = (
			);
			runOnlyForDeploymentPostprocessing = 0;
		};
		50F110041FED79650016851F /* Frameworks */ = {
			isa = PBXFrameworksBuildPhase;
			buildActionMask = 2147483647;
			files = (
			);
			runOnlyForDeploymentPostprocessing = 0;
		};
		221P00000000000000000002 /* Frameworks */ = {
			isa = PBXFrameworksBuildPhase;
			buildActionMask = 2147483647;
			files = (
			);
			runOnlyForDeploymentPostprocessing = 0;
		};
/* End PBXFrameworksBuildPhase section */

/* Begin PBXGroup section */
		504EC2FB1FED79650016851F = {
			isa = PBXGroup;
			children = (
				958DCC722DB07C7200EA8C5F /* debug.xcconfig */,
				504EC3061FED79650016851F /* App */,
				221G00000000000000000001 /* ShareExtension */,
				50F100081FED79650016851F /* AppPhysicalUITests */,
				50F110081FED79650016851F /* AppAcceptanceProjectionTests */,
				504EC3051FED79650016851F /* Products */,
			);
			sourceTree = "<group>";
		};
		504EC3051FED79650016851F /* Products */ = {
			isa = PBXGroup;
			children = (
				504EC3041FED79650016851F /* App.app */,
				50F100031FED79650016851F /* AppPhysicalUITests.xctest */,
				50F110031FED79650016851F /* AppAcceptanceProjectionTests.xctest */,
				221A00000000000000000005 /* FolioleShareExtension.appex */,
			);
			name = Products;
			sourceTree = "<group>";
		};
		504EC3061FED79650016851F /* App */ = {
			isa = PBXGroup;
			children = (
				50379B222058CBB4000EE86E /* capacitor.config.json */,
				504EC3071FED79650016851F /* AppDelegate.swift */,
				50F010031FED79650016851F /* FolioleBridgeViewController.swift */,
				50F010041FED79650016851F /* FolioleCompanionBootstrapPlugin.swift */,
				221A00000000000000000002 /* FolioleShareInboxQueue.swift */,
				221A00000000000000000003 /* FolioleCompanionShareInboxPlugin.swift */,
				50F020061FED79650016851F /* companion-bridge-contract-definitions.json */,
				50F020071FED79650016851F /* companion-sync-protocol-definitions.json */,
				50F025041FED79650016851F /* companion-query-definitions.json */,
				50F021011FED79650016851F /* FolioleCompanionContractStore.swift */,
				50F021021FED79650016851F /* FolioleCompanionZlib.swift */,
				50F021031FED79650016851F /* FolioleCompanionSyncPackEnvelopeValidator.swift */,
				50F021041FED79650016851F /* FolioleReadOnlySQLite.swift */,
				50F021051FED79650016851F /* FolioleCompanionSyncPackDatabaseValidator.swift */,
				50F021061FED79650016851F /* FolioleCompanionSyncPackTransfer.swift */,
				50F021071FED79650016851F /* FolioleCompanionSyncPackTransferPlugin.swift */,
				50F022031FED79650016851F /* FolioleCompanionDesktopHttpClient.swift */,
				50F022041FED79650016851F /* FolioleCompanionBonjourDiscovery.swift */,
				50F0220A1FED79650016851F /* FolioleCompanionBonjourEndpoint.swift */,
				50F022051FED79650016851F /* FolioleCompanionSyncPlugin.swift */,
				50F022061FED79650016851F /* FolioleCompanionSyncParticipation.swift */,
				50F022091FED79650016851F /* FolioleCompanionSyncTrigger.swift */,
				50F022081FED79650016851F /* FolioleCompanionDeviceAnchorStore.swift */,
				50F023011FED79650016851F /* FolioleCompanionAttachmentResourceDownload.swift */,
				50F023031FED79650016851F /* FolioleCompanionAttachmentSyncPlugin.swift */,
				F20300031FED79650016851F /* FolioleRemoteImageFiles.swift */,
				F20300331FED79650016851F /* FolioleAttachmentMaintenanceFiles.swift */,
				50F023041FED79650016851F /* FolioleCompanionContentBlobPack.swift */,
				50F023051FED79650016851F /* FolioleCompanionAttachmentFileStage.swift */,
				50F023061FED79650016851F /* FolioleCompanionCanonicalAttachmentKey.swift */,
				50F027011FED79650016851F /* FolioleCompanionQueryDefinitions.swift */,
				50F029031FED79650016851F /* companion-mutation-definitions.json */,
				50F030011FED79650016851F /* FolioleCompanionSyncGroupJoinCrypto.swift */,
				50F030021FED79650016851F /* FolioleCompanionSyncGroupJoinRequest.swift */,
				50F030031FED79650016851F /* FolioleCompanionSyncGroupJoinProvider.swift */,
				50F031011FED79650016851F /* FolioleCompanionSyncGroupDataBridge.swift */,
				50F032011FED79650016851F /* FolioleCompanionSyncGroupSigning.swift */,
				50F033011FED79650016851F /* FolioleCompanionHttpMessage.swift */,
				203A00000000000000000001 /* FolioleCompanionResourceAvailability.swift */,
				203A00000000000000000002 /* FolioleCompanionResourceTransferValidation.swift */,
				203A00000000000000000003 /* FolioleCompanionSyncGroupRequestRoutes.swift */,
				50F034011FED79650016851F /* FolioleCompanionSyncGroupJoinServer.swift */,
				50F195011FED79650016851F /* FolioleCompanionSyncGroupMemberStateEndpoint.swift */,
				50F195211FED79650016851F /* FolioleCompanionSyncGroupDiscoveryPayload.swift */,
				50F035011FED79650016851F /* FolioleCompanionSyncGroupProviderPlugin.swift */,
				50F036011FED79650016851F /* FolioleCompanionSyncGroupWorkgroup.swift */,
				50F037011FED79650016851F /* FolioleCompanionSyncGroupSnapshot.swift */,
				50F038011FED79650016851F /* FolioleCompanionSyncGroupResources.swift */,
				50F039011FED79650016851F /* FolioleCompanionSyncPackProviderDefinitions.swift */,
				50F040011FED79650016851F /* FolioleCompanionSyncPackArchive.swift */,
				50F041011FED79650016851F /* FolioleCompanionSyncPackSQLite.swift */,
				50F042011FED79650016851F /* FolioleCompanionSyncPackPayloadWriter.swift */,
				50F043011FED79650016851F /* FolioleCompanionSyncPackProvider.swift */,
				50F044011FED79650016851F /* companion-sync-pack-provider-definitions.json */,
				50F045011FED79650016851F /* FolioleCompanionWorkgroupClient.swift */,
				50F046011FED79650016851F /* FolioleCompanionSyncGroupAdvertisement.swift */,
				504EC30B1FED79650016851F /* Main.storyboard */,
				504EC30E1FED79650016851F /* Assets.xcassets */,
				504EC3101FED79650016851F /* LaunchScreen.storyboard */,
				504EC3131FED79650016851F /* Info.plist */,
				221A00000000000000000006 /* App.entitlements */,
				50F060011FED79650016851F /* PrivacyInfo.xcprivacy */,
				2FAD9762203C412B000D30F8 /* config.xml */,
				50B271D01FEDC1A000F3C39B /* public */,
			);
			path = App;
			sourceTree = "<group>";
		};
		221G00000000000000000001 /* ShareExtension */ = {
			isa = PBXGroup;
			children = (
				221A00000000000000000001 /* ShareViewController.swift */,
				221A00000000000000000004 /* ShareExtension Info.plist */,
				221A00000000000000000007 /* ShareExtension.entitlements */,
			);
			path = ShareExtension;
			sourceTree = "<group>";
		};
		50F100081FED79650016851F /* AppPhysicalUITests */ = {
			isa = PBXGroup;
			children = (
				50F100221FED79650016851F /* FoliolePhysicalDevWorkflowUITests.swift */,
				50F203021FED79650016851F /* FoliolePhysicalArticleImageUITests.swift */,
				50F204021FED79650016851F /* FoliolePhysicalT111LinkUITests.swift */,
				50F100421FED79650016851F /* FoliolePhysicalPermissionUITests.swift */,
				50F220121FED79650016851F /* FoliolePhysicalOfflineJourneyUITests.swift */,
				50F100321FED79650016851F /* FoliolePhysicalSyncGroupMutationUITestSupport.swift */,
				50F100121FED79650016851F /* FoliolePhysicalSyncGroupUITestSupport.swift */,
				50F200121FED79650016851F /* FoliolePhysicalBodyPersistenceUITestSupport.swift */,
				50F100021FED79650016851F /* FoliolePhysicalSyncGroupUITests.swift */,
			);
			path = AppPhysicalUITests;
			sourceTree = "<group>";
		};
		50F110081FED79650016851F /* AppAcceptanceProjectionTests */ = {
			isa = PBXGroup;
			children = (
				50F110121FED79650016851F /* FolioleAcceptanceGroupDiscoveryTests.swift */,
				50F110021FED79650016851F /* FolioleAcceptanceSyncEventProjectionTests.swift */,
				50F203121FED79650016851F /* FolioleArticleImageProjectionTests.swift */,
			);
			path = AppAcceptanceProjectionTests;
			sourceTree = "<group>";
		};
/* End PBXGroup section */

/* Begin PBXNativeTarget section */
		504EC3031FED79650016851F /* App */ = {
			isa = PBXNativeTarget;
			buildConfigurationList = 504EC3161FED79650016851F /* Build configuration list for PBXNativeTarget "App" */;
			buildPhases = (
				504EC3001FED79650016851F /* Sources */,
				504EC3011FED79650016851F /* Frameworks */,
				504EC3021FED79650016851F /* Resources */,
				221P00000000000000000004 /* Embed App Extensions */,
			);
			buildRules = (
			);
			dependencies = (
				221D00000000000000000001 /* PBXTargetDependency */,
			);
			name = App;
			packageProductDependencies = (
				4D22ABE82AF431CB00220026 /* CapApp-SPM */,
				50F020021FED79650016851F /* ZIPFoundation */,
			);
			productName = App;
			productReference = 504EC3041FED79650016851F /* App.app */;
			productType = "com.apple.product-type.application";
		};
		221T00000000000000000001 /* FolioleShareExtension */ = {
			isa = PBXNativeTarget;
			buildConfigurationList = 221X00000000000000000003 /* Build configuration list for PBXNativeTarget "FolioleShareExtension" */;
			buildPhases = (
				221P00000000000000000001 /* Sources */,
				221P00000000000000000002 /* Frameworks */,
				221P00000000000000000003 /* Resources */,
			);
			buildRules = (
			);
			dependencies = (
			);
			name = FolioleShareExtension;
			productName = FolioleShareExtension;
			productReference = 221A00000000000000000005 /* FolioleShareExtension.appex */;
			productType = "com.apple.product-type.app-extension";
		};
		50F100071FED79650016851F /* AppPhysicalUITests */ = {
			isa = PBXNativeTarget;
			buildConfigurationList = 50F1000D1FED79650016851F /* Build configuration list for PBXNativeTarget "AppPhysicalUITests" */;
			buildPhases = (
				50F100051FED79650016851F /* Sources */,
				50F100041FED79650016851F /* Frameworks */,
				50F100061FED79650016851F /* Resources */,
			);
			buildRules = (
			);
			dependencies = (
				50F1000A1FED79650016851F /* PBXTargetDependency */,
			);
			name = AppPhysicalUITests;
			productName = AppPhysicalUITests;
			productReference = 50F100031FED79650016851F /* AppPhysicalUITests.xctest */;
			productType = "com.apple.product-type.bundle.ui-testing";
		};
		50F110071FED79650016851F /* AppAcceptanceProjectionTests */ = {
			isa = PBXNativeTarget;
			buildConfigurationList = 50F1100D1FED79650016851F /* Build configuration list for PBXNativeTarget "AppAcceptanceProjectionTests" */;
			buildPhases = (
				50F110051FED79650016851F /* Sources */,
				50F110041FED79650016851F /* Frameworks */,
				50F110061FED79650016851F /* Resources */,
			);
			buildRules = (
			);
			dependencies = (
				50F1100A1FED79650016851F /* PBXTargetDependency */,
			);
			name = AppAcceptanceProjectionTests;
			productName = AppAcceptanceProjectionTests;
			productReference = 50F110031FED79650016851F /* AppAcceptanceProjectionTests.xctest */;
			productType = "com.apple.product-type.bundle.unit-test";
		};
/* End PBXNativeTarget section */

/* Begin PBXProject section */
		504EC2FC1FED79650016851F /* Project object */ = {
			isa = PBXProject;
			attributes = {
				LastSwiftUpdateCheck = 0920;
				LastUpgradeCheck = 0920;
				TargetAttributes = {
					504EC3031FED79650016851F = {
						CreatedOnToolsVersion = 9.2;
						LastSwiftMigration = 1100;
						ProvisioningStyle = Automatic;
					};
					50F100071FED79650016851F = {
						CreatedOnToolsVersion = 26.6;
						ProvisioningStyle = Automatic;
						TestTargetID = 504EC3031FED79650016851F;
					};
					50F110071FED79650016851F = {
						CreatedOnToolsVersion = 26.6;
						ProvisioningStyle = Automatic;
						TestTargetID = 504EC3031FED79650016851F;
					};
					221T00000000000000000001 = {
						CreatedOnToolsVersion = 26.0;
						ProvisioningStyle = Automatic;
					};
				};
			};
			buildConfigurationList = 504EC2FF1FED79650016851F /* Build configuration list for PBXProject "App" */;
			compatibilityVersion = "Xcode 8.0";
			developmentRegion = en;
			hasScannedForEncodings = 0;
			knownRegions = (
				en,
				Base,
			);
			mainGroup = 504EC2FB1FED79650016851F;
			packageReferences = (
				D4C12C0A2AAA248700AAC8A2 /* XCLocalSwiftPackageReference "CapApp-SPM" */,
				50F020031FED79650016851F /* XCRemoteSwiftPackageReference "ZIPFoundation" */,
			);
			productRefGroup = 504EC3051FED79650016851F /* Products */;
			projectDirPath = "";
			projectRoot = "";
			targets = (
				504EC3031FED79650016851F /* App */,
				50F100071FED79650016851F /* AppPhysicalUITests */,
				50F110071FED79650016851F /* AppAcceptanceProjectionTests */,
				221T00000000000000000001 /* FolioleShareExtension */,
			);
		};
/* End PBXProject section */

/* Begin PBXResourcesBuildPhase section */
		504EC3021FED79650016851F /* Resources */ = {
			isa = PBXResourcesBuildPhase;
			buildActionMask = 2147483647;
			files = (
				504EC3121FED79650016851F /* LaunchScreen.storyboard in Resources */,
				50B271D11FEDC1A000F3C39B /* public in Resources */,
				504EC30F1FED79650016851F /* Assets.xcassets in Resources */,
				50379B232058CBB4000EE86E /* capacitor.config.json in Resources */,
				504EC30D1FED79650016851F /* Main.storyboard in Resources */,
				2FAD9763203C412B000D30F8 /* config.xml in Resources */,
				50F020041FED79650016851F /* companion-bridge-contract-definitions.json in Resources */,
				50F020051FED79650016851F /* companion-sync-protocol-definitions.json in Resources */,
				50F025141FED79650016851F /* companion-query-definitions.json in Resources */,
				50F029131FED79650016851F /* companion-mutation-definitions.json in Resources */,
				50F044111FED79650016851F /* companion-sync-pack-provider-definitions.json in Resources */,
				50F060111FED79650016851F /* PrivacyInfo.xcprivacy in Resources */,
			);
			runOnlyForDeploymentPostprocessing = 0;
		};
		50F100061FED79650016851F /* Resources */ = {
			isa = PBXResourcesBuildPhase;
			buildActionMask = 2147483647;
			files = (
			);
			runOnlyForDeploymentPostprocessing = 0;
		};
		50F110061FED79650016851F /* Resources */ = {
			isa = PBXResourcesBuildPhase;
			buildActionMask = 2147483647;
			files = (
			);
			runOnlyForDeploymentPostprocessing = 0;
		};
		221P00000000000000000003 /* Resources */ = {
			isa = PBXResourcesBuildPhase;
			buildActionMask = 2147483647;
			files = (
			);
			runOnlyForDeploymentPostprocessing = 0;
		};
/* End PBXResourcesBuildPhase section */

/* Begin PBXSourcesBuildPhase section */
		504EC3001FED79650016851F /* Sources */ = {
			isa = PBXSourcesBuildPhase;
			buildActionMask = 2147483647;
			files = (
				504EC3081FED79650016851F /* AppDelegate.swift in Sources */,
				50F010011FED79650016851F /* FolioleBridgeViewController.swift in Sources */,
				50F010021FED79650016851F /* FolioleCompanionBootstrapPlugin.swift in Sources */,
				221B00000000000000000003 /* FolioleShareInboxQueue.swift in App Sources */,
				221B00000000000000000004 /* FolioleCompanionShareInboxPlugin.swift in Sources */,
				50F021111FED79650016851F /* FolioleCompanionContractStore.swift in Sources */,
				50F021121FED79650016851F /* FolioleCompanionZlib.swift in Sources */,
				50F021131FED79650016851F /* FolioleCompanionSyncPackEnvelopeValidator.swift in Sources */,
				50F021141FED79650016851F /* FolioleReadOnlySQLite.swift in Sources */,
				50F021151FED79650016851F /* FolioleCompanionSyncPackDatabaseValidator.swift in Sources */,
				50F021161FED79650016851F /* FolioleCompanionSyncPackTransfer.swift in Sources */,
				50F021171FED79650016851F /* FolioleCompanionSyncPackTransferPlugin.swift in Sources */,
				50F022131FED79650016851F /* FolioleCompanionDesktopHttpClient.swift in Sources */,
				50F022141FED79650016851F /* FolioleCompanionBonjourDiscovery.swift in Sources */,
				50F0221A1FED79650016851F /* FolioleCompanionBonjourEndpoint.swift in Sources */,
				50F022151FED79650016851F /* FolioleCompanionSyncPlugin.swift in Sources */,
				50F022161FED79650016851F /* FolioleCompanionSyncParticipation.swift in Sources */,
				50F022191FED79650016851F /* FolioleCompanionSyncTrigger.swift in Sources */,
				50F022181FED79650016851F /* FolioleCompanionDeviceAnchorStore.swift in Sources */,
				50F023111FED79650016851F /* FolioleCompanionAttachmentResourceDownload.swift in Sources */,
				50F023131FED79650016851F /* FolioleCompanionAttachmentSyncPlugin.swift in Sources */,
				F20300131FED79650016851F /* FolioleRemoteImageFiles.swift in Sources */,
				F20300431FED79650016851F /* FolioleAttachmentMaintenanceFiles.swift in Sources */,
				50F023141FED79650016851F /* FolioleCompanionContentBlobPack.swift in Sources */,
				50F023151FED79650016851F /* FolioleCompanionAttachmentFileStage.swift in Sources */,
				50F023161FED79650016851F /* FolioleCompanionCanonicalAttachmentKey.swift in Sources */,
				50F027111FED79650016851F /* FolioleCompanionQueryDefinitions.swift in Sources */,
				50F030111FED79650016851F /* FolioleCompanionSyncGroupJoinCrypto.swift in Sources */,
				50F030121FED79650016851F /* FolioleCompanionSyncGroupJoinRequest.swift in Sources */,
				50F030131FED79650016851F /* FolioleCompanionSyncGroupJoinProvider.swift in Sources */,
				50F031111FED79650016851F /* FolioleCompanionSyncGroupDataBridge.swift in Sources */,
				50F032111FED79650016851F /* FolioleCompanionSyncGroupSigning.swift in Sources */,
				50F033111FED79650016851F /* FolioleCompanionHttpMessage.swift in Sources */,
				203B00000000000000000001 /* FolioleCompanionResourceAvailability.swift in Sources */,
				203B00000000000000000002 /* FolioleCompanionResourceTransferValidation.swift in Sources */,
				203B00000000000000000003 /* FolioleCompanionSyncGroupRequestRoutes.swift in Sources */,
				50F034111FED79650016851F /* FolioleCompanionSyncGroupJoinServer.swift in Sources */,
				50F195111FED79650016851F /* FolioleCompanionSyncGroupMemberStateEndpoint.swift in Sources */,
				50F195311FED79650016851F /* FolioleCompanionSyncGroupDiscoveryPayload.swift in Sources */,
				50F035111FED79650016851F /* FolioleCompanionSyncGroupProviderPlugin.swift in Sources */,
				50F036111FED79650016851F /* FolioleCompanionSyncGroupWorkgroup.swift in Sources */,
				50F037111FED79650016851F /* FolioleCompanionSyncGroupSnapshot.swift in Sources */,
				50F038111FED79650016851F /* FolioleCompanionSyncGroupResources.swift in Sources */,
				50F039111FED79650016851F /* FolioleCompanionSyncPackProviderDefinitions.swift in Sources */,
				50F040111FED79650016851F /* FolioleCompanionSyncPackArchive.swift in Sources */,
				50F041111FED79650016851F /* FolioleCompanionSyncPackSQLite.swift in Sources */,
				50F042111FED79650016851F /* FolioleCompanionSyncPackPayloadWriter.swift in Sources */,
				50F043111FED79650016851F /* FolioleCompanionSyncPackProvider.swift in Sources */,
				50F045111FED79650016851F /* FolioleCompanionWorkgroupClient.swift in Sources */,
				50F046111FED79650016851F /* FolioleCompanionSyncGroupAdvertisement.swift in Sources */,
			);
			runOnlyForDeploymentPostprocessing = 0;
		};
		221P00000000000000000001 /* Sources */ = {
			isa = PBXSourcesBuildPhase;
			buildActionMask = 2147483647;
			files = (
				221B00000000000000000001 /* ShareViewController.swift in Sources */,
				221B00000000000000000002 /* FolioleShareInboxQueue.swift in Share Sources */,
			);
			runOnlyForDeploymentPostprocessing = 0;
		};
		50F100051FED79650016851F /* Sources */ = {
			isa = PBXSourcesBuildPhase;
			buildActionMask = 2147483647;
			files = (
				50F100211FED79650016851F /* FoliolePhysicalDevWorkflowUITests.swift in Sources */,
				50F203011FED79650016851F /* FoliolePhysicalArticleImageUITests.swift in Sources */,
				50F204011FED79650016851F /* FoliolePhysicalT111LinkUITests.swift in Sources */,
				50F100411FED79650016851F /* FoliolePhysicalPermissionUITests.swift in Sources */,
				50F220111FED79650016851F /* FoliolePhysicalOfflineJourneyUITests.swift in Sources */,
				50F100311FED79650016851F /* FoliolePhysicalSyncGroupMutationUITestSupport.swift in Sources */,
				50F100111FED79650016851F /* FoliolePhysicalSyncGroupUITestSupport.swift in Sources */,
				50F200111FED79650016851F /* FoliolePhysicalBodyPersistenceUITestSupport.swift in Sources */,
				50F100011FED79650016851F /* FoliolePhysicalSyncGroupUITests.swift in Sources */,
			);
			runOnlyForDeploymentPostprocessing = 0;
		};
		50F110051FED79650016851F /* Sources */ = {
			isa = PBXSourcesBuildPhase;
			buildActionMask = 2147483647;
			files = (
				50F110111FED79650016851F /* FolioleAcceptanceGroupDiscoveryTests.swift in Sources */,
				50F110011FED79650016851F /* FolioleAcceptanceSyncEventProjectionTests.swift in Sources */,
				50F203111FED79650016851F /* FolioleArticleImageProjectionTests.swift in Sources */,
			);
			runOnlyForDeploymentPostprocessing = 0;
		};
/* End PBXSourcesBuildPhase section */

/* Begin PBXTargetDependency section */
		50F1000A1FED79650016851F /* PBXTargetDependency */ = {
			isa = PBXTargetDependency;
			target = 504EC3031FED79650016851F /* App */;
			targetProxy = 50F100091FED79650016851F /* PBXContainerItemProxy */;
		};
		50F1100A1FED79650016851F /* PBXTargetDependency */ = {
			isa = PBXTargetDependency;
			target = 504EC3031FED79650016851F /* App */;
			targetProxy = 50F110091FED79650016851F /* PBXContainerItemProxy */;
		};
		221D00000000000000000001 /* PBXTargetDependency */ = {
			isa = PBXTargetDependency;
			target = 221T00000000000000000001 /* FolioleShareExtension */;
			targetProxy = 221C00000000000000000001 /* PBXContainerItemProxy */;
		};
/* End PBXTargetDependency section */

/* Begin PBXVariantGroup section */
		504EC30B1FED79650016851F /* Main.storyboard */ = {
			isa = PBXVariantGroup;
			children = (
				504EC30C1FED79650016851F /* Base */,
			);
			name = Main.storyboard;
			sourceTree = "<group>";
		};
		504EC3101FED79650016851F /* LaunchScreen.storyboard */ = {
			isa = PBXVariantGroup;
			children = (
				504EC3111FED79650016851F /* Base */,
			);
			name = LaunchScreen.storyboard;
			sourceTree = "<group>";
		};
/* End PBXVariantGroup section */

/* Begin XCBuildConfiguration section */
		504EC3141FED79650016851F /* Debug */ = {
			isa = XCBuildConfiguration;
			baseConfigurationReference = 958DCC722DB07C7200EA8C5F /* debug.xcconfig */;
			buildSettings = {
				ALWAYS_SEARCH_USER_PATHS = NO;
				FOLIOLE_SHARE_APP_GROUP = "group.com.foliole.ios$(FOLIOLE_ACCEPTANCE_BUNDLE_SUFFIX).share";
				CLANG_ANALYZER_NONNULL = YES;
				CLANG_ANALYZER_NUMBER_OBJECT_CONVERSION = YES_AGGRESSIVE;
				CLANG_CXX_LANGUAGE_STANDARD = "gnu++14";
				CLANG_CXX_LIBRARY = "libc++";
				CLANG_ENABLE_MODULES = YES;
				CLANG_ENABLE_OBJC_ARC = YES;
				CLANG_WARN_BLOCK_CAPTURE_AUTORELEASING = YES;
				CLANG_WARN_BOOL_CONVERSION = YES;
				CLANG_WARN_COMMA = YES;
				CLANG_WARN_CONSTANT_CONVERSION = YES;
				CLANG_WARN_DIRECT_OBJC_ISA_USAGE = YES_ERROR;
				CLANG_WARN_DOCUMENTATION_COMMENTS = YES;
				CLANG_WARN_EMPTY_BODY = YES;
				CLANG_WARN_ENUM_CONVERSION = YES;
				CLANG_WARN_INFINITE_RECURSION = YES;
				CLANG_WARN_INT_CONVERSION = YES;
				CLANG_WARN_NON_LITERAL_NULL_CONVERSION = YES;
				CLANG_WARN_OBJC_LITERAL_CONVERSION = YES;
				CLANG_WARN_OBJC_ROOT_CLASS = YES_ERROR;
				CLANG_WARN_RANGE_LOOP_ANALYSIS = YES;
				CLANG_WARN_STRICT_PROTOTYPES = YES;
				CLANG_WARN_SUSPICIOUS_MOVE = YES;
				CLANG_WARN_UNGUARDED_AVAILABILITY = YES_AGGRESSIVE;
				CLANG_WARN_UNREACHABLE_CODE = YES;
				CLANG_WARN__DUPLICATE_METHOD_MATCH = YES;
				CODE_SIGN_IDENTITY = "iPhone Developer";
				COPY_PHASE_STRIP = NO;
				DEBUG_INFORMATION_FORMAT = dwarf;
				ENABLE_STRICT_OBJC_MSGSEND = YES;
				ENABLE_TESTABILITY = YES;
				GCC_C_LANGUAGE_STANDARD = gnu11;
				GCC_DYNAMIC_NO_PIC = NO;
				GCC_NO_COMMON_BLOCKS = YES;
				GCC_OPTIMIZATION_LEVEL = 0;
				GCC_PREPROCESSOR_DEFINITIONS = (
					"DEBUG=1",
					"$(inherited)",
				);
				GCC_WARN_64_TO_32_BIT_CONVERSION = YES;
				GCC_WARN_ABOUT_RETURN_TYPE = YES_ERROR;
				GCC_WARN_UNDECLARED_SELECTOR = YES;
				GCC_WARN_UNINITIALIZED_AUTOS = YES_AGGRESSIVE;
				GCC_WARN_UNUSED_FUNCTION = YES;
				GCC_WARN_UNUSED_VARIABLE = YES;
				IPHONEOS_DEPLOYMENT_TARGET = 15.0;
				MTL_ENABLE_DEBUG_INFO = YES;
				ONLY_ACTIVE_ARCH = YES;
				SDKROOT = iphoneos;
				SWIFT_ACTIVE_COMPILATION_CONDITIONS = DEBUG;
				SWIFT_OPTIMIZATION_LEVEL = "-Onone";
			};
			name = Debug;
		};
		504EC3151FED79650016851F /* Release */ = {
			isa = XCBuildConfiguration;
			buildSettings = {
				ALWAYS_SEARCH_USER_PATHS = NO;
				FOLIOLE_SHARE_APP_GROUP = "group.com.foliole.ios$(FOLIOLE_ACCEPTANCE_BUNDLE_SUFFIX).share";
				CLANG_ANALYZER_NONNULL = YES;
				CLANG_ANALYZER_NUMBER_OBJECT_CONVERSION = YES_AGGRESSIVE;
				CLANG_CXX_LANGUAGE_STANDARD = "gnu++14";
				CLANG_CXX_LIBRARY = "libc++";
				CLANG_ENABLE_MODULES = YES;
				CLANG_ENABLE_OBJC_ARC = YES;
				CLANG_WARN_BLOCK_CAPTURE_AUTORELEASING = YES;
				CLANG_WARN_BOOL_CONVERSION = YES;
				CLANG_WARN_COMMA = YES;
				CLANG_WARN_CONSTANT_CONVERSION = YES;
				CLANG_WARN_DIRECT_OBJC_ISA_USAGE = YES_ERROR;
				CLANG_WARN_DOCUMENTATION_COMMENTS = YES;
				CLANG_WARN_EMPTY_BODY = YES;
				CLANG_WARN_ENUM_CONVERSION = YES;
				CLANG_WARN_INFINITE_RECURSION = YES;
				CLANG_WARN_INT_CONVERSION = YES;
				CLANG_WARN_NON_LITERAL_NULL_CONVERSION = YES;
				CLANG_WARN_OBJC_LITERAL_CONVERSION = YES;
				CLANG_WARN_OBJC_ROOT_CLASS = YES_ERROR;
				CLANG_WARN_RANGE_LOOP_ANALYSIS = YES;
				CLANG_WARN_STRICT_PROTOTYPES = YES;
				CLANG_WARN_SUSPICIOUS_MOVE = YES;
				CLANG_WARN_UNGUARDED_AVAILABILITY = YES_AGGRESSIVE;
				CLANG_WARN_UNREACHABLE_CODE = YES;
				CLANG_WARN__DUPLICATE_METHOD_MATCH = YES;
				CODE_SIGN_IDENTITY = "iPhone Developer";
				COPY_PHASE_STRIP = NO;
				DEBUG_INFORMATION_FORMAT = "dwarf-with-dsym";
				ENABLE_NS_ASSERTIONS = NO;
				ENABLE_STRICT_OBJC_MSGSEND = YES;
				GCC_C_LANGUAGE_STANDARD = gnu11;
				GCC_NO_COMMON_BLOCKS = YES;
				GCC_WARN_64_TO_32_BIT_CONVERSION = YES;
				GCC_WARN_ABOUT_RETURN_TYPE = YES_ERROR;
				GCC_WARN_UNDECLARED_SELECTOR = YES;
				GCC_WARN_UNINITIALIZED_AUTOS = YES_AGGRESSIVE;
				GCC_WARN_UNUSED_FUNCTION = YES;
				GCC_WARN_UNUSED_VARIABLE = YES;
				IPHONEOS_DEPLOYMENT_TARGET = 15.0;
				MTL_ENABLE_DEBUG_INFO = NO;
				SDKROOT = iphoneos;
				SWIFT_COMPILATION_MODE = wholemodule;
				SWIFT_OPTIMIZATION_LEVEL = "-O";
				VALIDATE_PRODUCT = YES;
			};
			name = Release;
		};
		504EC3171FED79650016851F /* Debug */ = {
			isa = XCBuildConfiguration;
			baseConfigurationReference = 958DCC722DB07C7200EA8C5F /* debug.xcconfig */;
			buildSettings = {
				ASSETCATALOG_COMPILER_APPICON_NAME = AppIcon;
				CODE_SIGN_ENTITLEMENTS = App/App.entitlements;
				CODE_SIGN_STYLE = Automatic;
				CURRENT_PROJECT_VERSION = 1;
				DEVELOPMENT_TEAM = V589TQH334;
				INFOPLIST_FILE = App/Info.plist;
				IPHONEOS_DEPLOYMENT_TARGET = 15.0;
				LD_RUNPATH_SEARCH_PATHS = (
					"$(inherited)",
					"@executable_path/Frameworks",
				);
				MARKETING_VERSION = 0.7.14;
				OTHER_SWIFT_FLAGS = "$(inherited) \"-D\" \"COCOAPODS\" \"-DDEBUG\"";
				PRODUCT_BUNDLE_IDENTIFIER = "com.foliole.ios$(FOLIOLE_ACCEPTANCE_BUNDLE_SUFFIX)";
				PRODUCT_NAME = "$(TARGET_NAME)";
				EXECUTABLE_NAME = "App$(FOLIOLE_ACCEPTANCE_BUNDLE_SUFFIX)";
				SWIFT_ACTIVE_COMPILATION_CONDITIONS = DEBUG;
				SWIFT_VERSION = 5.0;
				TARGETED_DEVICE_FAMILY = "1,2";
			};
			name = Debug;
		};
		504EC3181FED79650016851F /* Release */ = {
			isa = XCBuildConfiguration;
			buildSettings = {
				ASSETCATALOG_COMPILER_APPICON_NAME = AppIcon;
				CODE_SIGN_ENTITLEMENTS = App/App.entitlements;
				CODE_SIGN_STYLE = Automatic;
				CURRENT_PROJECT_VERSION = 1;
				DEVELOPMENT_TEAM = V589TQH334;
				INFOPLIST_FILE = App/Info.plist;
				IPHONEOS_DEPLOYMENT_TARGET = 15.0;
				LD_RUNPATH_SEARCH_PATHS = (
					"$(inherited)",
					"@executable_path/Frameworks",
				);
				MARKETING_VERSION = 0.7.14;
				PRODUCT_BUNDLE_IDENTIFIER = "com.foliole.ios$(FOLIOLE_ACCEPTANCE_BUNDLE_SUFFIX)";
				PRODUCT_NAME = "$(TARGET_NAME)";
				EXECUTABLE_NAME = "App$(FOLIOLE_ACCEPTANCE_BUNDLE_SUFFIX)";
				SWIFT_ACTIVE_COMPILATION_CONDITIONS = "";
				SWIFT_VERSION = 5.0;
				TARGETED_DEVICE_FAMILY = "1,2";
			};
			name = Release;
		};
		50F1000B1FED79650016851F /* Debug */ = {
			isa = XCBuildConfiguration;
			buildSettings = {
				CODE_SIGN_STYLE = Automatic;
				DEVELOPMENT_TEAM = V589TQH334;
				GENERATE_INFOPLIST_FILE = YES;
				IPHONEOS_DEPLOYMENT_TARGET = 15.0;
				PRODUCT_BUNDLE_IDENTIFIER = "com.foliole.ios.physical-uitests$(FOLIOLE_ACCEPTANCE_BUNDLE_SUFFIX)";
				PRODUCT_NAME = "$(TARGET_NAME)";
				SDKROOT = iphoneos;
				SWIFT_VERSION = 5.0;
				TARGETED_DEVICE_FAMILY = "1,2";
				TEST_TARGET_NAME = App;
			};
			name = Debug;
		};
		50F1000C1FED79650016851F /* Release */ = {
			isa = XCBuildConfiguration;
			buildSettings = {
				CODE_SIGN_STYLE = Automatic;
				DEVELOPMENT_TEAM = V589TQH334;
				GENERATE_INFOPLIST_FILE = YES;
				IPHONEOS_DEPLOYMENT_TARGET = 15.0;
				PRODUCT_BUNDLE_IDENTIFIER = "com.foliole.ios.physical-uitests$(FOLIOLE_ACCEPTANCE_BUNDLE_SUFFIX)";
				PRODUCT_NAME = "$(TARGET_NAME)";
				SDKROOT = iphoneos;
				SWIFT_VERSION = 5.0;
				TARGETED_DEVICE_FAMILY = "1,2";
				TEST_TARGET_NAME = App;
			};
			name = Release;
		};
		50F1100B1FED79650016851F /* Debug */ = {
			isa = XCBuildConfiguration;
			buildSettings = {
				BUNDLE_LOADER = "$(TEST_HOST)";
				CODE_SIGN_STYLE = Automatic;
				DEVELOPMENT_TEAM = V589TQH334;
				GENERATE_INFOPLIST_FILE = YES;
				IPHONEOS_DEPLOYMENT_TARGET = 15.0;
				PRODUCT_BUNDLE_IDENTIFIER = "com.foliole.ios.acceptance-projection-tests$(FOLIOLE_ACCEPTANCE_BUNDLE_SUFFIX)";
				PRODUCT_NAME = "$(TARGET_NAME)";
				SDKROOT = iphoneos;
				SWIFT_VERSION = 5.0;
				TARGETED_DEVICE_FAMILY = "1,2";
				TEST_HOST = "$(BUILT_PRODUCTS_DIR)/App.app/$(BUNDLE_EXECUTABLE_FOLDER_PATH)/App$(FOLIOLE_ACCEPTANCE_BUNDLE_SUFFIX)";
			};
			name = Debug;
		};
		50F1100C1FED79650016851F /* Release */ = {
			isa = XCBuildConfiguration;
			buildSettings = {
				BUNDLE_LOADER = "$(TEST_HOST)";
				CODE_SIGN_STYLE = Automatic;
				DEVELOPMENT_TEAM = V589TQH334;
				GENERATE_INFOPLIST_FILE = YES;
				IPHONEOS_DEPLOYMENT_TARGET = 15.0;
				PRODUCT_BUNDLE_IDENTIFIER = "com.foliole.ios.acceptance-projection-tests$(FOLIOLE_ACCEPTANCE_BUNDLE_SUFFIX)";
				PRODUCT_NAME = "$(TARGET_NAME)";
				SDKROOT = iphoneos;
				SWIFT_VERSION = 5.0;
				TARGETED_DEVICE_FAMILY = "1,2";
				TEST_HOST = "$(BUILT_PRODUCTS_DIR)/App.app/$(BUNDLE_EXECUTABLE_FOLDER_PATH)/App$(FOLIOLE_ACCEPTANCE_BUNDLE_SUFFIX)";
			};
			name = Release;
		};
		221X00000000000000000001 /* Debug */ = {
			isa = XCBuildConfiguration;
			buildSettings = {
				APPLICATION_EXTENSION_API_ONLY = YES;
				CODE_SIGN_ENTITLEMENTS = ShareExtension/ShareExtension.entitlements;
				CODE_SIGN_STYLE = Automatic;
				CURRENT_PROJECT_VERSION = 1;
				DEVELOPMENT_TEAM = V589TQH334;
				INFOPLIST_FILE = ShareExtension/Info.plist;
				IPHONEOS_DEPLOYMENT_TARGET = 15.0;
				LD_RUNPATH_SEARCH_PATHS = ("$(inherited)", "@executable_path/Frameworks", "@executable_path/../../Frameworks");
				MARKETING_VERSION = 0.7.14;
				PRODUCT_BUNDLE_IDENTIFIER = "com.foliole.ios$(FOLIOLE_ACCEPTANCE_BUNDLE_SUFFIX).share";
				PRODUCT_NAME = "$(TARGET_NAME)";
				SKIP_INSTALL = YES;
				SWIFT_VERSION = 5.0;
				TARGETED_DEVICE_FAMILY = "1,2";
			};
			name = Debug;
		};
		221X00000000000000000002 /* Release */ = {
			isa = XCBuildConfiguration;
			buildSettings = {
				APPLICATION_EXTENSION_API_ONLY = YES;
				CODE_SIGN_ENTITLEMENTS = ShareExtension/ShareExtension.entitlements;
				CODE_SIGN_STYLE = Automatic;
				CURRENT_PROJECT_VERSION = 1;
				DEVELOPMENT_TEAM = V589TQH334;
				INFOPLIST_FILE = ShareExtension/Info.plist;
				IPHONEOS_DEPLOYMENT_TARGET = 15.0;
				LD_RUNPATH_SEARCH_PATHS = ("$(inherited)", "@executable_path/Frameworks", "@executable_path/../../Frameworks");
				MARKETING_VERSION = 0.7.14;
				PRODUCT_BUNDLE_IDENTIFIER = "com.foliole.ios$(FOLIOLE_ACCEPTANCE_BUNDLE_SUFFIX).share";
				PRODUCT_NAME = "$(TARGET_NAME)";
				SKIP_INSTALL = YES;
				SWIFT_VERSION = 5.0;
				TARGETED_DEVICE_FAMILY = "1,2";
			};
			name = Release;
		};
/* End XCBuildConfiguration section */

/* Begin XCConfigurationList section */
		504EC2FF1FED79650016851F /* Build configuration list for PBXProject "App" */ = {
			isa = XCConfigurationList;
			buildConfigurations = (
				504EC3141FED79650016851F /* Debug */,
				504EC3151FED79650016851F /* Release */,
			);
			defaultConfigurationIsVisible = 0;
			defaultConfigurationName = Release;
		};
		504EC3161FED79650016851F /* Build configuration list for PBXNativeTarget "App" */ = {
			isa = XCConfigurationList;
			buildConfigurations = (
				504EC3171FED79650016851F /* Debug */,
				504EC3181FED79650016851F /* Release */,
			);
			defaultConfigurationIsVisible = 0;
			defaultConfigurationName = Release;
		};
		50F1000D1FED79650016851F /* Build configuration list for PBXNativeTarget "AppPhysicalUITests" */ = {
			isa = XCConfigurationList;
			buildConfigurations = (
				50F1000B1FED79650016851F /* Debug */,
				50F1000C1FED79650016851F /* Release */,
			);
			defaultConfigurationIsVisible = 0;
			defaultConfigurationName = Release;
		};
		50F1100D1FED79650016851F /* Build configuration list for PBXNativeTarget "AppAcceptanceProjectionTests" */ = {
			isa = XCConfigurationList;
			buildConfigurations = (
				50F1100B1FED79650016851F /* Debug */,
				50F1100C1FED79650016851F /* Release */,
			);
			defaultConfigurationIsVisible = 0;
			defaultConfigurationName = Release;
		};
		221X00000000000000000003 /* Build configuration list for PBXNativeTarget "FolioleShareExtension" */ = {
			isa = XCConfigurationList;
			buildConfigurations = (
				221X00000000000000000001 /* Debug */,
				221X00000000000000000002 /* Release */,
			);
			defaultConfigurationIsVisible = 0;
			defaultConfigurationName = Release;
		};
/* End XCConfigurationList section */

/* Begin XCLocalSwiftPackageReference section */
		D4C12C0A2AAA248700AAC8A2 /* XCLocalSwiftPackageReference "CapApp-SPM" */ = {
			isa = XCLocalSwiftPackageReference;
			relativePath = "CapApp-SPM";
		};
/* End XCLocalSwiftPackageReference section */

/* Begin XCRemoteSwiftPackageReference section */
		50F020031FED79650016851F /* XCRemoteSwiftPackageReference "ZIPFoundation" */ = {
			isa = XCRemoteSwiftPackageReference;
			repositoryURL = "https://github.com/weichsel/ZIPFoundation.git";
			requirement = {
				kind = exactVersion;
				version = 0.9.20;
			};
		};
/* End XCRemoteSwiftPackageReference section */

/* Begin XCSwiftPackageProductDependency section */
		4D22ABE82AF431CB00220026 /* CapApp-SPM */ = {
			isa = XCSwiftPackageProductDependency;
			package = D4C12C0A2AAA248700AAC8A2 /* XCLocalSwiftPackageReference "CapApp-SPM" */;
			productName = "CapApp-SPM";
		};
		50F020021FED79650016851F /* ZIPFoundation */ = {
			isa = XCSwiftPackageProductDependency;
			package = 50F020031FED79650016851F /* XCRemoteSwiftPackageReference "ZIPFoundation" */;
			productName = ZIPFoundation;
		};
/* End XCSwiftPackageProductDependency section */
	};
	rootObject = 504EC2FC1FED79650016851F /* Project object */;
}
